
Microsoft Visual Studio Solution File, Format Version 12.00
# Visual Studio Version 16
VisualStudioVersion = 16.0.31613.86
MinimumVisualStudioVersion = 10.0.40219.1
Project("{FAE04EC0-301F-11D3-BF4B-00C04F79EFBC}") = "CafeLib", "CafeLib.csproj", "{06A8BB85-ADBA-4505-8AD1-B7BD06DBD166}"
EndProject
Global
	GlobalSection(SolutionConfigurationPlatforms) = preSolution
		Debug|Any CPU = Debug|Any CPU
		Release|Any CPU = Release|Any CPU
	EndGlobalSection
	GlobalSection(ProjectConfigurationPlatforms) = postSolution
		{06A8BB85-ADBA-4505-8AD1-B7BD06DBD166}.Debug|Any CPU.ActiveCfg = Debug|Any CPU
		{06A8BB85-ADBA-4505-8AD1-B7BD06DBD166}.Debug|Any CPU.Build.0 = Debug|Any CPU
		{06A8BB85-ADBA-4505-8AD1-B7BD06DBD166}.Release|Any CPU.ActiveCfg = Release|Any CPU
		{06A8BB85-ADBA-4505-8AD1-B7BD06DBD166}.Release|Any CPU.Build.0 = Release|Any CPU
	EndGlobalSection
	GlobalSection(SolutionProperties) = preSolution
		HideSolutionNode = FALSE
	EndGlobalSection
	GlobalSection(ExtensibilityGlobals) = postSolution
		SolutionGuid = {15B98292-EB56-47A0-94BF-33D6E8F22B7E}
	EndGlobalSection
EndGlobal
